Microsoft Visual Studio Solution File, Format Version 12.00
# Visual Studio Version 17
VisualStudioVersion = 17.5.2.0
MinimumVisualStudioVersion = 10.0.40219.1
Project("{2150E333-8FDC-42A3-9474-1A3956D46DE8}") = "Authentication.Abstractions", "Authentication.Abstractions", "{857406A1-FFAB-3F6F-3E67-0D6869B7FA87}"
EndProject
Project("{2150E333-8FDC-42A3-9474-1A3956D46DE8}") = "Authentication.Core", "Authentication.Core", "{2CEF225C-A27F-E091-C2A9-CAECD5D814D5}"
EndProject
Project("{2150E333-8FDC-42A3-9474-1A3956D46DE8}") = "Headers", "Headers", "{8D9B66A7-92D6-6C2F-E554-0F7EBBFF90E9}"
EndProject
Project("{2150E333-8FDC-42A3-9474-1A3956D46DE8}") = "Http", "Http", "{0D9F6678-A001-FC4E-FBF2-B00713E704D4}"
EndProject
Project("{2150E333-8FDC-42A3-9474-1A3956D46DE8}") = "Http.Abstractions", "Http.Abstractions", "{F61C95A6-7CF8-0562-C702-AFA57ED09447}"
EndProject
Project("{2150E333-8FDC-42A3-9474-1A3956D46DE8}") = "Http.Extensions", "Http.Extensions", "{305C4D7F-5C25-4B8E-3EF7-51398C84BD23}"
EndProject
Project("{2150E333-8FDC-42A3-9474-1A3956D46DE8}") = "Http.Features", "Http.Features", "{5693860F-C960-AECF-FB9E-AFF48C35A02F}"
EndProject
Project("{2150E333-8FDC-42A3-9474-1A3956D46DE8}") = "Http.Results", "Http.Results", "{A291BC6B-F196-4481-3E07-493FE32146DE}"
EndProject
Project("{2150E333-8FDC-42A3-9474-1A3956D46DE8}") = "Metadata", "Metadata", "{BD932909-38AE-D20D-F4F7-59F32A58DE65}"
EndProject
Project("{2150E333-8FDC-42A3-9474-1A3956D46DE8}") = "Owin", "Owin", "{2D0E476F-640F-6A63-EF9A-989B64C96B2F}"
EndProject
Project("{2150E333-8FDC-42A3-9474-1A3956D46DE8}") = "Routing", "Routing", "{EF174D8A-9907-4288-0813-8AA28B2E815A}"
EndProject
Project("{2150E333-8FDC-42A3-9474-1A3956D46DE8}") = "Routing.Abstractions", "Routing.Abstractions", "{DC327345-4BE4-C49B-7EA2-367E2C408135}"
EndProject
Project("{2150E333-8FDC-42A3-9474-1A3956D46DE8}") = "samples", "samples", "{5D20AA90-6969-D8BD-9DCD-8634F4692FDA}"
EndProject
Project("{2150E333-8FDC-42A3-9474-1A3956D46DE8}") = "WebUtilities", "WebUtilities", "{41115099-0594-A082-DCD0-B0AB95F68E5A}"
EndProject
Project("{2150E333-8FDC-42A3-9474-1A3956D46DE8}") = "src", "src", "{EED138A7-65AF-7D22-7D84-0CFA97C093EF}"
EndProject
Project("{FAE04EC0-301F-11D3-BF4B-00C04F79EFBC}") = "Microsoft.AspNetCore.Authentication.Abstractions", "Authentication.Abstractions\src\Microsoft.AspNetCore.Authentication.Abstractions.csproj", "{1191A146-9EA1-5850-92AF-00EBB26F61A0}"
EndProject
Project("{2150E333-8FDC-42A3-9474-1A3956D46DE8}") = "src", "src", "{FB6D5221-F3DF-7E80-8A50-2AADA28090F8}"
EndProject
Project("{FAE04EC0-301F-11D3-BF4B-00C04F79EFBC}") = "Microsoft.AspNetCore.Authentication.Core", "Authentication.Core\src\Microsoft.AspNetCore.Authentication.Core.csproj", "{CB25E07F-97F4-501B-7A88-63194B9CEC54}"
EndProject
Project("{2150E333-8FDC-42A3-9474-1A3956D46DE8}") = "test", "test", "{56CC5EF0-F339-81CF-174B-DF3B88766122}"
EndProject
Project("{FAE04EC0-301F-11D3-BF4B-00C04F79EFBC}") = "Microsoft.AspNetCore.Authentication.Core.Test", "Authentication.Core\test\Microsoft.AspNetCore.Authentication.Core.Test.csproj", "{8EAB5084-5022-7871-8C9B-76A5123DDCF2}"
EndProject
Project("{2150E333-8FDC-42A3-9474-1A3956D46DE8}") = "src", "src", "{99B73AE4-F813-0D0E-2F2F-A045FC21B5D1}"
EndProject
Project("{FAE04EC0-301F-11D3-BF4B-00C04F79EFBC}") = "Microsoft.Net.Http.Headers", "Headers\src\Microsoft.Net.Http.Headers.csproj", "{249F30B5-21D1-01CB-A1C7-4E94DCB79BC0}"
EndProject
Project("{2150E333-8FDC-42A3-9474-1A3956D46DE8}") = "test", "test", "{8C7F2D3F-DBD7-139E-2232-A8D7A22BCE56}"
EndProject
Project("{FAE04EC0-301F-11D3-BF4B-00C04F79EFBC}") = "Microsoft.Net.Http.Headers.Tests", "Headers\test\Microsoft.Net.Http.Headers.Tests.csproj", "{9D2934C3-4CD9-EA52-4131-66602BA4822E}"
EndProject
Project("{2150E333-8FDC-42A3-9474-1A3956D46DE8}") = "src", "src", "{318182F9-1A63-21D8-BC00-374489A38B40}"
EndProject
Project("{FAE04EC0-301F-11D3-BF4B-00C04F79EFBC}") = "Microsoft.AspNetCore.Http", "Http\src\Microsoft.AspNetCore.Http.csproj", "{8D290150-33DA-964F-78C6-052997EA9AB2}"
EndProject
Project("{2150E333-8FDC-42A3-9474-1A3956D46DE8}") = "test", "test", "{70418912-C6AE-8564-6090-C2786A2EEF85}"
EndProject
Project("{FAE04EC0-301F-11D3-BF4B-00C04F79EFBC}") = "Microsoft.AspNetCore.Http.Tests", "Http\test\Microsoft.AspNetCore.Http.Tests.csproj", "{34A154D9-E65C-6DD7-B507-143DD3BBA683}"
EndProject
Project("{2150E333-8FDC-42A3-9474-1A3956D46DE8}") = "src", "src", "{D842C9FC-AC5F-EF40-DAD4-6BF242B9392D}"
EndProject
Project("{FAE04EC0-301F-11D3-BF4B-00C04F79EFBC}") = "Microsoft.AspNetCore.Http.Abstractions", "Http.Abstractions\src\Microsoft.AspNetCore.Http.Abstractions.csproj", "{F6C27792-A9BD-5864-2B6F-3D641307729C}"
EndProject
Project("{2150E333-8FDC-42A3-9474-1A3956D46DE8}") = "test", "test", "{C5734AFE-0855-56F7-7F63-9D7EF38320BE}"
EndProject
Project("{FAE04EC0-301F-11D3-BF4B-00C04F79EFBC}") = "Microsoft.AspNetCore.Http.Abstractions.Tests", "Http.Abstractions\test\Microsoft.AspNetCore.Http.Abstractions.Tests.csproj", "{1A104FB2-9954-4759-639A-A35C7AFC6A97}"
EndProject
Project("{2150E333-8FDC-42A3-9474-1A3956D46DE8}") = "src", "src", "{C62F3A4A-1EC3-B893-1E1B-81CAD6800078}"
EndProject
Project("{FAE04EC0-301F-11D3-BF4B-00C04F79EFBC}") = "Microsoft.AspNetCore.Http.Extensions", "Http.Extensions\src\Microsoft.AspNetCore.Http.Extensions.csproj", "{BBA150D8-259D-3D77-9F1E-C103B4A8A0ED}"
EndProject
Project("{2150E333-8FDC-42A3-9474-1A3956D46DE8}") = "test", "test", "{CB2D499B-56DE-A004-00CE-6A55137D007E}"
EndProject
Project("{FAE04EC0-301F-11D3-BF4B-00C04F79EFBC}") = "Microsoft.AspNetCore.Http.Extensions.Tests", "Http.Extensions\test\Microsoft.AspNetCore.Http.Extensions.Tests.csproj", "{51318074-3652-D1FF-03E9-2A8AEBC80A5F}"
EndProject
Project("{2150E333-8FDC-42A3-9474-1A3956D46DE8}") = "src", "src", "{67136867-B1B8-2DD2-F436-8EDA34D3032F}"
EndProject
Project("{FAE04EC0-301F-11D3-BF4B-00C04F79EFBC}") = "Microsoft.AspNetCore.Http.Features", "Http.Features\src\Microsoft.AspNetCore.Http.Features.csproj", "{F439DDCA-7388-71CC-015B-DF858D895454}"
EndProject
Project("{2150E333-8FDC-42A3-9474-1A3956D46DE8}") = "src", "src", "{E898C2E0-EA9D-29FE-4F71-DDF04E2A27E8}"
EndProject
Project("{FAE04EC0-301F-11D3-BF4B-00C04F79EFBC}") = "Microsoft.AspNetCore.Http.Results", "Http.Results\src\Microsoft.AspNetCore.Http.Results.csproj", "{5F8F5A16-6C6B-08B3-C271-0E7A494BEE99}"
EndProject
Project("{2150E333-8FDC-42A3-9474-1A3956D46DE8}") = "test", "test", "{04606CBB-4CC3-6F2F-C6AA-96FE058C1FFF}"
EndProject
Project("{FAE04EC0-301F-11D3-BF4B-00C04F79EFBC}") = "Microsoft.AspNetCore.Http.Results.Tests", "Http.Results\test\Microsoft.AspNetCore.Http.Results.Tests.csproj", "{A7367BE6-C6F4-ADC9-2C12-9166A04D4C2E}"
EndProject
Project("{2150E333-8FDC-42A3-9474-1A3956D46DE8}") = "src", "src", "{CF1B4871-20F1-6317-614E-E25DB66E5275}"
EndProject
Project("{FAE04EC0-301F-11D3-BF4B-00C04F79EFBC}") = "Microsoft.AspNetCore.Metadata", "Metadata\src\Microsoft.AspNetCore.Metadata.csproj", "{D1304F91-7B63-4B7B-7E03-A060B499F544}"
EndProject
Project("{2150E333-8FDC-42A3-9474-1A3956D46DE8}") = "src", "src", "{AB87238D-3F56-92C3-3EC0-5D64964C5363}"
EndProject
Project("{FAE04EC0-301F-11D3-BF4B-00C04F79EFBC}") = "Microsoft.AspNetCore.Owin", "Owin\src\Microsoft.AspNetCore.Owin.csproj", "{44800CAB-F7F3-2566-1EBD-9AE9D0701C8C}"
EndProject
Project("{2150E333-8FDC-42A3-9474-1A3956D46DE8}") = "test", "test", "{446A1CF1-70F8-0B47-CD5F-46A66BBCFC04}"
EndProject
Project("{FAE04EC0-301F-11D3-BF4B-00C04F79EFBC}") = "Microsoft.AspNetCore.Owin.Tests", "Owin\test\Microsoft.AspNetCore.Owin.Tests.csproj", "{DE8BC231-A1B3-F167-3617-AB3D50EEA120}"
EndProject
Project("{2150E333-8FDC-42A3-9474-1A3956D46DE8}") = "src", "src", "{E9EE4308-6A45-5966-2572-EAC23F9C80E6}"
EndProject
Project("{FAE04EC0-301F-11D3-BF4B-00C04F79EFBC}") = "Microsoft.AspNetCore.Routing", "Routing\src\Microsoft.AspNetCore.Routing.csproj", "{71E1A428-52E9-9357-C645-74BD2B7454F0}"
EndProject
Project("{2150E333-8FDC-42A3-9474-1A3956D46DE8}") = "src", "src", "{C60B2D39-7409-D623-BD8B-1D3239BC164C}"
EndProject
Project("{FAE04EC0-301F-11D3-BF4B-00C04F79EFBC}") = "Microsoft.AspNetCore.Routing.Abstractions", "Routing.Abstractions\src\Microsoft.AspNetCore.Routing.Abstractions.csproj", "{1E6DE165-48D0-C91E-6255-E233046695D4}"
EndProject
Project("{2150E333-8FDC-42A3-9474-1A3956D46DE8}") = "test", "test", "{7EEB40CB-2BB3-0ECA-3348-B9548D763193}"
EndProject
Project("{FAE04EC0-301F-11D3-BF4B-00C04F79EFBC}") = "Microsoft.AspNetCore.Mvc.Routing.Abstractions.Tests", "Routing.Abstractions\test\Microsoft.AspNetCore.Mvc.Routing.Abstractions.Tests.csproj", "{69331003-3511-67A1-6D7B-2809FA9C287B}"
EndProject
Project("{FAE04EC0-301F-11D3-BF4B-00C04F79EFBC}") = "MinimalSample", "samples\MinimalSample\MinimalSample.csproj", "{2108CE06-4EA0-C921-3784-217028A59AF4}"
EndProject
Project("{FAE04EC0-301F-11D3-BF4B-00C04F79EFBC}") = "MinimalSampleOwin", "samples\MinimalSampleOwin\MinimalSampleOwin.csproj", "{6788405D-8F2B-E609-6FC1-49E6D844B963}"
EndProject
Project("{FAE04EC0-301F-11D3-BF4B-00C04F79EFBC}") = "MinimalValidationSample", "samples\MinimalValidationSample\MinimalValidationSample.csproj", "{2602CEF7-7779-7F6D-F892-A632E975D8B4}"
EndProject
Project("{2150E333-8FDC-42A3-9474-1A3956D46DE8}") = "SampleApp", "SampleApp", "{D4D37678-7F3C-A34F-30CD-A3D74E6A2E60}"
EndProject
Project("{FAE04EC0-301F-11D3-BF4B-00C04F79EFBC}") = "HttpAbstractions.SampleApp", "samples\SampleApp\HttpAbstractions.SampleApp.csproj", "{4E466D88-4000-1E42-204B-1CC171523B49}"
EndProject
Project("{2150E333-8FDC-42A3-9474-1A3956D46DE8}") = "src", "src", "{5A9120F1-899A-4B07-AB37-1FC3DF765B80}"
EndProject
Project("{FAE04EC0-301F-11D3-BF4B-00C04F79EFBC}") = "Microsoft.AspNetCore.WebUtilities", "WebUtilities\src\Microsoft.AspNetCore.WebUtilities.csproj", "{18398C3B-6BE2-1D10-F7EA-43750FDBBFC1}"
EndProject
Project("{2150E333-8FDC-42A3-9474-1A3956D46DE8}") = "test", "test", "{20A5D62F-83E0-B0EB-913C-05680F233C64}"
EndProject
Project("{FAE04EC0-301F-11D3-BF4B-00C04F79EFBC}") = "Microsoft.AspNetCore.WebUtilities.Tests", "WebUtilities\test\Microsoft.AspNetCore.WebUtilities.Tests.csproj", "{043EDAD8-2140-7F75-6DEA-BD2321F7EF78}"
EndProject
Project("{2150E333-8FDC-42A3-9474-1A3956D46DE8}") = "perf", "perf", "{4933C6B8-4199-9DAC-E47D-B6441C9DA4DA}"
EndProject
Project("{2150E333-8FDC-42A3-9474-1A3956D46DE8}") = "Microbenchmarks", "Microbenchmarks", "{96D4B63B-7E2C-548C-0BA8-68510D718FCB}"
EndProject
Project("{FAE04EC0-301F-11D3-BF4B-00C04F79EFBC}") = "Microsoft.AspNetCore.Http.Microbenchmarks", "Http\perf\Microbenchmarks\Microsoft.AspNetCore.Http.Microbenchmarks.csproj", "{387B300E-01AD-2E51-FAE1-1AFD2F9AF07D}"
EndProject
Project("{2150E333-8FDC-42A3-9474-1A3956D46DE8}") = "perf", "perf", "{2AA4925B-62F8-CA68-A8C8-2410F46463DE}"
EndProject
Project("{2150E333-8FDC-42A3-9474-1A3956D46DE8}") = "Microbenchmarks", "Microbenchmarks", "{13FCB8DB-B3E3-1AAC-8DE7-D5A9025635D2}"
EndProject
Project("{FAE04EC0-301F-11D3-BF4B-00C04F79EFBC}") = "Microsoft.AspNetCore.Http.Abstractions.Microbenchmarks", "Http.Abstractions\perf\Microbenchmarks\Microsoft.AspNetCore.Http.Abstractions.Microbenchmarks.csproj", "{33109147-95E9-B6EB-8F1E-8A9B80C4898E}"
EndProject
Project("{2150E333-8FDC-42A3-9474-1A3956D46DE8}") = "gen", "gen", "{2F858C4F-4587-7173-31A8-041C9EF7F52A}"
EndProject
Project("{FAE04EC0-301F-11D3-BF4B-00C04F79EFBC}") = "Microsoft.AspNetCore.Http.RequestDelegateGenerator", "Http.Extensions\gen\Microsoft.AspNetCore.Http.RequestDelegateGenerator\Microsoft.AspNetCore.Http.RequestDelegateGenerator.csproj", "{2BA50531-DD1C-F2BE-B2F3-5A6F469621FF}"
EndProject
Project("{2150E333-8FDC-42A3-9474-1A3956D46DE8}") = "tools", "tools", "{A8A73604-6B17-E81B-5047-D868A8FB5747}"
EndProject
Project("{FAE04EC0-301F-11D3-BF4B-00C04F79EFBC}") = "ResultsOfTGenerator", "Http.Results\tools\ResultsOfTGenerator\ResultsOfTGenerator.csproj", "{21B8AE39-79BF-DE55-BFE4-7B1C251C7A16}"
EndProject
Project("{2150E333-8FDC-42A3-9474-1A3956D46DE8}") = "benchmarks", "benchmarks", "{2F854B66-061F-EE90-090C-BA474772F949}"
EndProject
Project("{FAE04EC0-301F-11D3-BF4B-00C04F79EFBC}") = "Microsoft.AspNetCore.Owin.Microbenchmarks", "Owin\benchmarks\Microsoft.AspNetCore.Owin.Microbenchmarks\Microsoft.AspNetCore.Owin.Microbenchmarks.csproj", "{D3BFD9D4-0216-E1B7-EB3B-22ACAB521284}"
EndProject
Project("{2150E333-8FDC-42A3-9474-1A3956D46DE8}") = "perf", "perf", "{7B9F96AC-59E0-6B79-DBE6-6CBFAEB9D892}"
EndProject
Project("{2150E333-8FDC-42A3-9474-1A3956D46DE8}") = "Microbenchmarks", "Microbenchmarks", "{5E049D18-F893-54A1-9F2F-945910FE559F}"
EndProject
Project("{FAE04EC0-301F-11D3-BF4B-00C04F79EFBC}") = "Microsoft.AspNetCore.Routing.Microbenchmarks", "Routing\perf\Microbenchmarks\Microsoft.AspNetCore.Routing.Microbenchmarks.csproj", "{FB3FB9FC-CCBB-C794-9E4E-B2B79F419AFB}"
EndProject
Project("{2150E333-8FDC-42A3-9474-1A3956D46DE8}") = "test", "test", "{7364F95B-0FB7-7669-F634-35F97A7D5D33}"
EndProject
Project("{2150E333-8FDC-42A3-9474-1A3956D46DE8}") = "FunctionalTests", "FunctionalTests", "{F43045B9-5079-FB92-9A8D-A02B7F9AC00E}"
EndProject
Project("{FAE04EC0-301F-11D3-BF4B-00C04F79EFBC}") = "Microsoft.AspNetCore.Routing.FunctionalTests", "Routing\test\FunctionalTests\Microsoft.AspNetCore.Routing.FunctionalTests.csproj", "{32B67606-B506-503F-3CD1-F47BD33699BC}"
EndProject
Project("{2150E333-8FDC-42A3-9474-1A3956D46DE8}") = "UnitTests", "UnitTests", "{9E94D367-6431-DF9E-5201-F7877F1192A9}"
EndProject
Project("{FAE04EC0-301F-11D3-BF4B-00C04F79EFBC}") = "Microsoft.AspNetCore.Routing.Tests", "Routing\test\UnitTests\Microsoft.AspNetCore.Routing.Tests.csproj", "{96B97AD3-2324-E061-0B1C-8C346B55C822}"
EndProject
Project("{2150E333-8FDC-42A3-9474-1A3956D46DE8}") = "tools", "tools", "{E17BE867-7C0E-9E34-008A-0B820450FBC8}"
EndProject
Project("{FAE04EC0-301F-11D3-BF4B-00C04F79EFBC}") = "Swaggatherer", "Routing\tools\Swaggatherer\Swaggatherer.csproj", "{BB5FE34B-6311-4756-57F6-8621FF4D547C}"
EndProject
Project("{2150E333-8FDC-42A3-9474-1A3956D46DE8}") = "perf", "perf", "{AA219D74-77D5-2F7C-32AC-3A5A37472328}"
EndProject
Project("{2150E333-8FDC-42A3-9474-1A3956D46DE8}") = "Microbenchmarks", "Microbenchmarks", "{33AC9276-FF35-671C-40B9-1A143E3A0D09}"
EndProject
Project("{FAE04EC0-301F-11D3-BF4B-00C04F79EFBC}") = "Microsoft.AspNetCore.WebUtilities.Microbenchmarks", "WebUtilities\perf\Microbenchmarks\Microsoft.AspNetCore.WebUtilities.Microbenchmarks.csproj", "{7EEE4284-3C3D-085C-3683-8174326FC44B}"
EndProject
Project("{2150E333-8FDC-42A3-9474-1A3956D46DE8}") = "testassets", "testassets", "{0BF3E749-7287-39D3-D568-C52546BC756F}"
EndProject
Project("{FAE04EC0-301F-11D3-BF4B-00C04F79EFBC}") = "Benchmarks", "Routing\test\testassets\Benchmarks\Benchmarks.csproj", "{5D177F98-32B1-9A5C-41FB-05800BEEF3FC}"
EndProject
Project("{FAE04EC0-301F-11D3-BF4B-00C04F79EFBC}") = "RoutingSandbox", "Routing\test\testassets\RoutingSandbox\RoutingSandbox.csproj", "{35CDE08C-9BA9-20AB-24C9-2A36BCCA5A3B}"
EndProject
Project("{FAE04EC0-301F-11D3-BF4B-00C04F79EFBC}") = "RoutingWebSite", "Routing\test\testassets\RoutingWebSite\RoutingWebSite.csproj", "{082EE441-2254-FBCF-0164-5425E95ABB06}"
EndProject
Global
	GlobalSection(SolutionConfigurationPlatforms) = preSolution
		Debug|Any CPU = Debug|Any CPU
		Release|Any CPU = Release|Any CPU
	EndGlobalSection
	GlobalSection(ProjectConfigurationPlatforms) = postSolution
		{1191A146-9EA1-5850-92AF-00EBB26F61A0}.Debug|Any CPU.ActiveCfg = Debug|Any CPU
		{1191A146-9EA1-5850-92AF-00EBB26F61A0}.Debug|Any CPU.Build.0 = Debug|Any CPU
		{1191A146-9EA1-5850-92AF-00EBB26F61A0}.Release|Any CPU.ActiveCfg = Release|Any CPU
		{1191A146-9EA1-5850-92AF-00EBB26F61A0}.Release|Any CPU.Build.0 = Release|Any CPU
		{CB25E07F-97F4-501B-7A88-63194B9CEC54}.Debug|Any CPU.ActiveCfg = Debug|Any CPU
		{CB25E07F-97F4-501B-7A88-63194B9CEC54}.Debug|Any CPU.Build.0 = Debug|Any CPU
		{CB25E07F-97F4-501B-7A88-63194B9CEC54}.Release|Any CPU.ActiveCfg = Release|Any CPU
		{CB25E07F-97F4-501B-7A88-63194B9CEC54}.Release|Any CPU.Build.0 = Release|Any CPU
		{8EAB5084-5022-7871-8C9B-76A5123DDCF2}.Debug|Any CPU.ActiveCfg = Debug|Any CPU
		{8EAB5084-5022-7871-8C9B-76A5123DDCF2}.Debug|Any CPU.Build.0 = Debug|Any CPU
		{8EAB5084-5022-7871-8C9B-76A5123DDCF2}.Release|Any CPU.ActiveCfg = Release|Any CPU
		{8EAB5084-5022-7871-8C9B-76A5123DDCF2}.Release|Any CPU.Build.0 = Release|Any CPU
		{249F30B5-21D1-01CB-A1C7-4E94DCB79BC0}.Debug|Any CPU.ActiveCfg = Debug|Any CPU
		{249F30B5-21D1-01CB-A1C7-4E94DCB79BC0}.Debug|Any CPU.Build.0 = Debug|Any CPU
		{249F30B5-21D1-01CB-A1C7-4E94DCB79BC0}.Release|Any CPU.ActiveCfg = Release|Any CPU
		{249F30B5-21D1-01CB-A1C7-4E94DCB79BC0}.Release|Any CPU.Build.0 = Release|Any CPU
		{9D2934C3-4CD9-EA52-4131-66602BA4822E}.Debug|Any CPU.ActiveCfg = Debug|Any CPU
		{9D2934C3-4CD9-EA52-4131-66602BA4822E}.Debug|Any CPU.Build.0 = Debug|Any CPU
		{9D2934C3-4CD9-EA52-4131-66602BA4822E}.Release|Any CPU.ActiveCfg = Release|Any CPU
		{9D2934C3-4CD9-EA52-4131-66602BA4822E}.Release|Any CPU.Build.0 = Release|Any CPU
		{8D290150-33DA-964F-78C6-052997EA9AB2}.Debug|Any CPU.ActiveCfg = Debug|Any CPU
		{8D290150-33DA-964F-78C6-052997EA9AB2}.Debug|Any CPU.Build.0 = Debug|Any CPU
		{8D290150-33DA-964F-78C6-052997EA9AB2}.Release|Any CPU.ActiveCfg = Release|Any CPU
		{8D290150-33DA-964F-78C6-052997EA9AB2}.Release|Any CPU.Build.0 = Release|Any CPU
		{34A154D9-E65C-6DD7-B507-143DD3BBA683}.Debug|Any CPU.ActiveCfg = Debug|Any CPU
		{34A154D9-E65C-6DD7-B507-143DD3BBA683}.Debug|Any CPU.Build.0 = Debug|Any CPU
		{34A154D9-E65C-6DD7-B507-143DD3BBA683}.Release|Any CPU.ActiveCfg = Release|Any CPU
		{34A154D9-E65C-6DD7-B507-143DD3BBA683}.Release|Any CPU.Build.0 = Release|Any CPU
		{F6C27792-A9BD-5864-2B6F-3D641307729C}.Debug|Any CPU.ActiveCfg = Debug|Any CPU
		{F6C27792-A9BD-5864-2B6F-3D641307729C}.Debug|Any CPU.Build.0 = Debug|Any CPU
		{F6C27792-A9BD-5864-2B6F-3D641307729C}.Release|Any CPU.ActiveCfg = Release|Any CPU
		{F6C27792-A9BD-5864-2B6F-3D641307729C}.Release|Any CPU.Build.0 = Release|Any CPU
		{1A104FB2-9954-4759-639A-A35C7AFC6A97}.Debug|Any CPU.ActiveCfg = Debug|Any CPU
		{1A104FB2-9954-4759-639A-A35C7AFC6A97}.Debug|Any CPU.Build.0 = Debug|Any CPU
		{1A104FB2-9954-4759-639A-A35C7AFC6A97}.Release|Any CPU.ActiveCfg = Release|Any CPU
		{1A104FB2-9954-4759-639A-A35C7AFC6A97}.Release|Any CPU.Build.0 = Release|Any CPU
		{BBA150D8-259D-3D77-9F1E-C103B4A8A0ED}.Debug|Any CPU.ActiveCfg = Debug|Any CPU
		{BBA150D8-259D-3D77-9F1E-C103B4A8A0ED}.Debug|Any CPU.Build.0 = Debug|Any CPU
		{BBA150D8-259D-3D77-9F1E-C103B4A8A0ED}.Release|Any CPU.ActiveCfg = Release|Any CPU
		{BBA150D8-259D-3D77-9F1E-C103B4A8A0ED}.Release|Any CPU.Build.0 = Release|Any CPU
		{51318074-3652-D1FF-03E9-2A8AEBC80A5F}.Debug|Any CPU.ActiveCfg = Debug|Any CPU
		{51318074-3652-D1FF-03E9-2A8AEBC80A5F}.Debug|Any CPU.Build.0 = Debug|Any CPU
		{51318074-3652-D1FF-03E9-2A8AEBC80A5F}.Release|Any CPU.ActiveCfg = Release|Any CPU
		{51318074-3652-D1FF-03E9-2A8AEBC80A5F}.Release|Any CPU.Build.0 = Release|Any CPU
		{F439DDCA-7388-71CC-015B-DF858D895454}.Debug|Any CPU.ActiveCfg = Debug|Any CPU
		{F439DDCA-7388-71CC-015B-DF858D895454}.Debug|Any CPU.Build.0 = Debug|Any CPU
		{F439DDCA-7388-71CC-015B-DF858D895454}.Release|Any CPU.ActiveCfg = Release|Any CPU
		{F439DDCA-7388-71CC-015B-DF858D895454}.Release|Any CPU.Build.0 = Release|Any CPU
		{5F8F5A16-6C6B-08B3-C271-0E7A494BEE99}.Debug|Any CPU.ActiveCfg = Debug|Any CPU
		{5F8F5A16-6C6B-08B3-C271-0E7A494BEE99}.Debug|Any CPU.Build.0 = Debug|Any CPU
		{5F8F5A16-6C6B-08B3-C271-0E7A494BEE99}.Release|Any CPU.ActiveCfg = Release|Any CPU
		{5F8F5A16-6C6B-08B3-C271-0E7A494BEE99}.Release|Any CPU.Build.0 = Release|Any CPU
		{A7367BE6-C6F4-ADC9-2C12-9166A04D4C2E}.Debug|Any CPU.ActiveCfg = Debug|Any CPU
		{A7367BE6-C6F4-ADC9-2C12-9166A04D4C2E}.Debug|Any CPU.Build.0 = Debug|Any CPU
		{A7367BE6-C6F4-ADC9-2C12-9166A04D4C2E}.Release|Any CPU.ActiveCfg = Release|Any CPU
		{A7367BE6-C6F4-ADC9-2C12-9166A04D4C2E}.Release|Any CPU.Build.0 = Release|Any CPU
		{D1304F91-7B63-4B7B-7E03-A060B499F544}.Debug|Any CPU.ActiveCfg = Debug|Any CPU
		{D1304F91-7B63-4B7B-7E03-A060B499F544}.Debug|Any CPU.Build.0 = Debug|Any CPU
		{D1304F91-7B63-4B7B-7E03-A060B499F544}.Release|Any CPU.ActiveCfg = Release|Any CPU
		{D1304F91-7B63-4B7B-7E03-A060B499F544}.Release|Any CPU.Build.0 = Release|Any CPU
		{44800CAB-F7F3-2566-1EBD-9AE9D0701C8C}.Debug|Any CPU.ActiveCfg = Debug|Any CPU
		{44800CAB-F7F3-2566-1EBD-9AE9D0701C8C}.Debug|Any CPU.Build.0 = Debug|Any CPU
		{44800CAB-F7F3-2566-1EBD-9AE9D0701C8C}.Release|Any CPU.ActiveCfg = Release|Any CPU
		{44800CAB-F7F3-2566-1EBD-9AE9D0701C8C}.Release|Any CPU.Build.0 = Release|Any CPU
		{DE8BC231-A1B3-F167-3617-AB3D50EEA120}.Debug|Any CPU.ActiveCfg = Debug|Any CPU
		{DE8BC231-A1B3-F167-3617-AB3D50EEA120}.Debug|Any CPU.Build.0 = Debug|Any CPU
		{DE8BC231-A1B3-F167-3617-AB3D50EEA120}.Release|Any CPU.ActiveCfg = Release|Any CPU
		{DE8BC231-A1B3-F167-3617-AB3D50EEA120}.Release|Any CPU.Build.0 = Release|Any CPU
		{71E1A428-52E9-9357-C645-74BD2B7454F0}.Debug|Any CPU.ActiveCfg = Debug|Any CPU
		{71E1A428-52E9-9357-C645-74BD2B7454F0}.Debug|Any CPU.Build.0 = Debug|Any CPU
		{71E1A428-52E9-9357-C645-74BD2B7454F0}.Release|Any CPU.ActiveCfg = Release|Any CPU
		{71E1A428-52E9-9357-C645-74BD2B7454F0}.Release|Any CPU.Build.0 = Release|Any CPU
		{1E6DE165-48D0-C91E-6255-E233046695D4}.Debug|Any CPU.ActiveCfg = Debug|Any CPU
		{1E6DE165-48D0-C91E-6255-E233046695D4}.Debug|Any CPU.Build.0 = Debug|Any CPU
		{1E6DE165-48D0-C91E-6255-E233046695D4}.Release|Any CPU.ActiveCfg = Release|Any CPU
		{1E6DE165-48D0-C91E-6255-E233046695D4}.Release|Any CPU.Build.0 = Release|Any CPU
		{69331003-3511-67A1-6D7B-2809FA9C287B}.Debug|Any CPU.ActiveCfg = Debug|Any CPU
		{69331003-3511-67A1-6D7B-2809FA9C287B}.Debug|Any CPU.Build.0 = Debug|Any CPU
		{69331003-3511-67A1-6D7B-2809FA9C287B}.Release|Any CPU.ActiveCfg = Release|Any CPU
		{69331003-3511-67A1-6D7B-2809FA9C287B}.Release|Any CPU.Build.0 = Release|Any CPU
		{2108CE06-4EA0-C921-3784-217028A59AF4}.Debug|Any CPU.ActiveCfg = Debug|Any CPU
		{2108CE06-4EA0-C921-3784-217028A59AF4}.Debug|Any CPU.Build.0 = Debug|Any CPU
		{2108CE06-4EA0-C921-3784-217028A59AF4}.Release|Any CPU.ActiveCfg = Release|Any CPU
		{2108CE06-4EA0-C921-3784-217028A59AF4}.Release|Any CPU.Build.0 = Release|Any CPU
		{6788405D-8F2B-E609-6FC1-49E6D844B963}.Debug|Any CPU.ActiveCfg = Debug|Any CPU
		{6788405D-8F2B-E609-6FC1-49E6D844B963}.Debug|Any CPU.Build.0 = Debug|Any CPU
		{6788405D-8F2B-E609-6FC1-49E6D844B963}.Release|Any CPU.ActiveCfg = Release|Any CPU
		{6788405D-8F2B-E609-6FC1-49E6D844B963}.Release|Any CPU.Build.0 = Release|Any CPU
		{2602CEF7-7779-7F6D-F892-A632E975D8B4}.Debug|Any CPU.ActiveCfg = Debug|Any CPU
		{2602CEF7-7779-7F6D-F892-A632E975D8B4}.Debug|Any CPU.Build.0 = Debug|Any CPU
		{2602CEF7-7779-7F6D-F892-A632E975D8B4}.Release|Any CPU.ActiveCfg = Release|Any CPU
		{2602CEF7-7779-7F6D-F892-A632E975D8B4}.Release|Any CPU.Build.0 = Release|Any CPU
		{4E466D88-4000-1E42-204B-1CC171523B49}.Debug|Any CPU.ActiveCfg = Debug|Any CPU
		{4E466D88-4000-1E42-204B-1CC171523B49}.Debug|Any CPU.Build.0 = Debug|Any CPU
		{4E466D88-4000-1E42-204B-1CC171523B49}.Release|Any CPU.ActiveCfg = Release|Any CPU
		{4E466D88-4000-1E42-204B-1CC171523B49}.Release|Any CPU.Build.0 = Release|Any CPU
		{18398C3B-6BE2-1D10-F7EA-43750FDBBFC1}.Debug|Any CPU.ActiveCfg = Debug|Any CPU
		{18398C3B-6BE2-1D10-F7EA-43750FDBBFC1}.Debug|Any CPU.Build.0 = Debug|Any CPU
		{18398C3B-6BE2-1D10-F7EA-43750FDBBFC1}.Release|Any CPU.ActiveCfg = Release|Any CPU
		{18398C3B-6BE2-1D10-F7EA-43750FDBBFC1}.Release|Any CPU.Build.0 = Release|Any CPU
		{043EDAD8-2140-7F75-6DEA-BD2321F7EF78}.Debug|Any CPU.ActiveCfg = Debug|Any CPU
		{043EDAD8-2140-7F75-6DEA-BD2321F7EF78}.Debug|Any CPU.Build.0 = Debug|Any CPU
		{043EDAD8-2140-7F75-6DEA-BD2321F7EF78}.Release|Any CPU.ActiveCfg = Release|Any CPU
		{043EDAD8-2140-7F75-6DEA-BD2321F7EF78}.Release|Any CPU.Build.0 = Release|Any CPU
		{387B300E-01AD-2E51-FAE1-1AFD2F9AF07D}.Debug|Any CPU.ActiveCfg = Debug|Any CPU
		{387B300E-01AD-2E51-FAE1-1AFD2F9AF07D}.Debug|Any CPU.Build.0 = Debug|Any CPU
		{387B300E-01AD-2E51-FAE1-1AFD2F9AF07D}.Release|Any CPU.ActiveCfg = Release|Any CPU
		{387B300E-01AD-2E51-FAE1-1AFD2F9AF07D}.Release|Any CPU.Build.0 = Release|Any CPU
		{33109147-95E9-B6EB-8F1E-8A9B80C4898E}.Debug|Any CPU.ActiveCfg = Debug|Any CPU
		{33109147-95E9-B6EB-8F1E-8A9B80C4898E}.Debug|Any CPU.Build.0 = Debug|Any CPU
		{33109147-95E9-B6EB-8F1E-8A9B80C4898E}.Release|Any CPU.ActiveCfg = Release|Any CPU
		{33109147-95E9-B6EB-8F1E-8A9B80C4898E}.Release|Any CPU.Build.0 = Release|Any CPU
		{2BA50531-DD1C-F2BE-B2F3-5A6F469621FF}.Debug|Any CPU.ActiveCfg = Debug|Any CPU
		{2BA50531-DD1C-F2BE-B2F3-5A6F469621FF}.Debug|Any CPU.Build.0 = Debug|Any CPU
		{2BA50531-DD1C-F2BE-B2F3-5A6F469621FF}.Release|Any CPU.ActiveCfg = Release|Any CPU
		{2BA50531-DD1C-F2BE-B2F3-5A6F469621FF}.Release|Any CPU.Build.0 = Release|Any CPU
		{21B8AE39-79BF-DE55-BFE4-7B1C251C7A16}.Debug|Any CPU.ActiveCfg = Debug|Any CPU
		{21B8AE39-79BF-DE55-BFE4-7B1C251C7A16}.Debug|Any CPU.Build.0 = Debug|Any CPU
		{21B8AE39-79BF-DE55-BFE4-7B1C251C7A16}.Release|Any CPU.ActiveCfg = Release|Any CPU
		{21B8AE39-79BF-DE55-BFE4-7B1C251C7A16}.Release|Any CPU.Build.0 = Release|Any CPU
		{D3BFD9D4-0216-E1B7-EB3B-22ACAB521284}.Debug|Any CPU.ActiveCfg = Debug|Any CPU
		{D3BFD9D4-0216-E1B7-EB3B-22ACAB521284}.Debug|Any CPU.Build.0 = Debug|Any CPU
		{D3BFD9D4-0216-E1B7-EB3B-22ACAB521284}.Release|Any CPU.ActiveCfg = Release|Any CPU
		{D3BFD9D4-0216-E1B7-EB3B-22ACAB521284}.Release|Any CPU.Build.0 = Release|Any CPU
		{FB3FB9FC-CCBB-C794-9E4E-B2B79F419AFB}.Debug|Any CPU.ActiveCfg = Debug|Any CPU
		{FB3FB9FC-CCBB-C794-9E4E-B2B79F419AFB}.Debug|Any CPU.Build.0 = Debug|Any CPU
		{FB3FB9FC-CCBB-C794-9E4E-B2B79F419AFB}.Release|Any CPU.ActiveCfg = Release|Any CPU
		{FB3FB9FC-CCBB-C794-9E4E-B2B79F419AFB}.Release|Any CPU.Build.0 = Release|Any CPU
		{32B67606-B506-503F-3CD1-F47BD33699BC}.Debug|Any CPU.ActiveCfg = Debug|Any CPU
		{32B67606-B506-503F-3CD1-F47BD33699BC}.Debug|Any CPU.Build.0 = Debug|Any CPU
		{32B67606-B506-503F-3CD1-F47BD33699BC}.Release|Any CPU.ActiveCfg = Release|Any CPU
		{32B67606-B506-503F-3CD1-F47BD33699BC}.Release|Any CPU.Build.0 = Release|Any CPU
		{96B97AD3-2324-E061-0B1C-8C346B55C822}.Debug|Any CPU.ActiveCfg = Debug|Any CPU
		{96B97AD3-2324-E061-0B1C-8C346B55C822}.Debug|Any CPU.Build.0 = Debug|Any CPU
		{96B97AD3-2324-E061-0B1C-8C346B55C822}.Release|Any CPU.ActiveCfg = Release|Any CPU
		{96B97AD3-2324-E061-0B1C-8C346B55C822}.Release|Any CPU.Build.0 = Release|Any CPU
		{BB5FE34B-6311-4756-57F6-8621FF4D547C}.Debug|Any CPU.ActiveCfg = Debug|Any CPU
		{BB5FE34B-6311-4756-57F6-8621FF4D547C}.Debug|Any CPU.Build.0 = Debug|Any CPU
		{BB5FE34B-6311-4756-57F6-8621FF4D547C}.Release|Any CPU.ActiveCfg = Release|Any CPU
		{BB5FE34B-6311-4756-57F6-8621FF4D547C}.Release|Any CPU.Build.0 = Release|Any CPU
		{7EEE4284-3C3D-085C-3683-8174326FC44B}.Debug|Any CPU.ActiveCfg = Debug|Any CPU
		{7EEE4284-3C3D-085C-3683-8174326FC44B}.Debug|Any CPU.Build.0 = Debug|Any CPU
		{7EEE4284-3C3D-085C-3683-8174326FC44B}.Release|Any CPU.ActiveCfg = Release|Any CPU
		{7EEE4284-3C3D-085C-3683-8174326FC44B}.Release|Any CPU.Build.0 = Release|Any CPU
		{5D177F98-32B1-9A5C-41FB-05800BEEF3FC}.Debug|Any CPU.ActiveCfg = Debug|Any CPU
		{5D177F98-32B1-9A5C-41FB-05800BEEF3FC}.Debug|Any CPU.Build.0 = Debug|Any CPU
		{5D177F98-32B1-9A5C-41FB-05800BEEF3FC}.Release|Any CPU.ActiveCfg = Release|Any CPU
		{5D177F98-32B1-9A5C-41FB-05800BEEF3FC}.Release|Any CPU.Build.0 = Release|Any CPU
		{35CDE08C-9BA9-20AB-24C9-2A36BCCA5A3B}.Debug|Any CPU.ActiveCfg = Debug|Any CPU
		{35CDE08C-9BA9-20AB-24C9-2A36BCCA5A3B}.Debug|Any CPU.Build.0 = Debug|Any CPU
		{35CDE08C-9BA9-20AB-24C9-2A36BCCA5A3B}.Release|Any CPU.ActiveCfg = Release|Any CPU
		{35CDE08C-9BA9-20AB-24C9-2A36BCCA5A3B}.Release|Any CPU.Build.0 = Release|Any CPU
		{082EE441-2254-FBCF-0164-5425E95ABB06}.Debug|Any CPU.ActiveCfg = Debug|Any CPU
		{082EE441-2254-FBCF-0164-5425E95ABB06}.Debug|Any CPU.Build.0 = Debug|Any CPU
		{082EE441-2254-FBCF-0164-5425E95ABB06}.Release|Any CPU.ActiveCfg = Release|Any CPU
		{082EE441-2254-FBCF-0164-5425E95ABB06}.Release|Any CPU.Build.0 = Release|Any CPU
	EndGlobalSection
	GlobalSection(SolutionProperties) = preSolution
		HideSolutionNode = FALSE
	EndGlobalSection
	GlobalSection(NestedProjects) = preSolution
		{EED138A7-65AF-7D22-7D84-0CFA97C093EF} = {857406A1-FFAB-3F6F-3E67-0D6869B7FA87}
		{1191A146-9EA1-5850-92AF-00EBB26F61A0} = {EED138A7-65AF-7D22-7D84-0CFA97C093EF}
		{FB6D5221-F3DF-7E80-8A50-2AADA28090F8} = {2CEF225C-A27F-E091-C2A9-CAECD5D814D5}
		{CB25E07F-97F4-501B-7A88-63194B9CEC54} = {FB6D5221-F3DF-7E80-8A50-2AADA28090F8}
		{56CC5EF0-F339-81CF-174B-DF3B88766122} = {2CEF225C-A27F-E091-C2A9-CAECD5D814D5}
		{8EAB5084-5022-7871-8C9B-76A5123DDCF2} = {56CC5EF0-F339-81CF-174B-DF3B88766122}
		{99B73AE4-F813-0D0E-2F2F-A045FC21B5D1} = {8D9B66A7-92D6-6C2F-E554-0F7EBBFF90E9}
		{249F30B5-21D1-01CB-A1C7-4E94DCB79BC0} = {99B73AE4-F813-0D0E-2F2F-A045FC21B5D1}
		{8C7F2D3F-DBD7-139E-2232-A8D7A22BCE56} = {8D9B66A7-92D6-6C2F-E554-0F7EBBFF90E9}
		{9D2934C3-4CD9-EA52-4131-66602BA4822E} = {8C7F2D3F-DBD7-139E-2232-A8D7A22BCE56}
		{318182F9-1A63-21D8-BC00-374489A38B40} = {0D9F6678-A001-FC4E-FBF2-B00713E704D4}
		{8D290150-33DA-964F-78C6-052997EA9AB2} = {318182F9-1A63-21D8-BC00-374489A38B40}
		{70418912-C6AE-8564-6090-C2786A2EEF85} = {0D9F6678-A001-FC4E-FBF2-B00713E704D4}
		{34A154D9-E65C-6DD7-B507-143DD3BBA683} = {70418912-C6AE-8564-6090-C2786A2EEF85}
		{D842C9FC-AC5F-EF40-DAD4-6BF242B9392D} = {F61C95A6-7CF8-0562-C702-AFA57ED09447}
		{F6C27792-A9BD-5864-2B6F-3D641307729C} = {D842C9FC-AC5F-EF40-DAD4-6BF242B9392D}
		{C5734AFE-0855-56F7-7F63-9D7EF38320BE} = {F61C95A6-7CF8-0562-C702-AFA57ED09447}
		{1A104FB2-9954-4759-639A-A35C7AFC6A97} = {C5734AFE-0855-56F7-7F63-9D7EF38320BE}
		{C62F3A4A-1EC3-B893-1E1B-81CAD6800078} = {305C4D7F-5C25-4B8E-3EF7-51398C84BD23}
		{BBA150D8-259D-3D77-9F1E-C103B4A8A0ED} = {C62F3A4A-1EC3-B893-1E1B-81CAD6800078}
		{CB2D499B-56DE-A004-00CE-6A55137D007E} = {305C4D7F-5C25-4B8E-3EF7-51398C84BD23}
		{51318074-3652-D1FF-03E9-2A8AEBC80A5F} = {CB2D499B-56DE-A004-00CE-6A55137D007E}
		{67136867-B1B8-2DD2-F436-8EDA34D3032F} = {5693860F-C960-AECF-FB9E-AFF48C35A02F}
		{F439DDCA-7388-71CC-015B-DF858D895454} = {67136867-B1B8-2DD2-F436-8EDA34D3032F}
		{E898C2E0-EA9D-29FE-4F71-DDF04E2A27E8} = {A291BC6B-F196-4481-3E07-493FE32146DE}
		{5F8F5A16-6C6B-08B3-C271-0E7A494BEE99} = {E898C2E0-EA9D-29FE-4F71-DDF04E2A27E8}
		{04606CBB-4CC3-6F2F-C6AA-96FE058C1FFF} = {A291BC6B-F196-4481-3E07-493FE32146DE}
		{A7367BE6-C6F4-ADC9-2C12-9166A04D4C2E} = {04606CBB-4CC3-6F2F-C6AA-96FE058C1FFF}
		{CF1B4871-20F1-6317-614E-E25DB66E5275} = {BD932909-38AE-D20D-F4F7-59F32A58DE65}
		{D1304F91-7B63-4B7B-7E03-A060B499F544} = {CF1B4871-20F1-6317-614E-E25DB66E5275}
		{AB87238D-3F56-92C3-3EC0-5D64964C5363} = {2D0E476F-640F-6A63-EF9A-989B64C96B2F}
		{44800CAB-F7F3-2566-1EBD-9AE9D0701C8C} = {AB87238D-3F56-92C3-3EC0-5D64964C5363}
		{446A1CF1-70F8-0B47-CD5F-46A66BBCFC04} = {2D0E476F-640F-6A63-EF9A-989B64C96B2F}
		{DE8BC231-A1B3-F167-3617-AB3D50EEA120} = {446A1CF1-70F8-0B47-CD5F-46A66BBCFC04}
		{E9EE4308-6A45-5966-2572-EAC23F9C80E6} = {EF174D8A-9907-4288-0813-8AA28B2E815A}
		{71E1A428-52E9-9357-C645-74BD2B7454F0} = {E9EE4308-6A45-5966-2572-EAC23F9C80E6}
		{C60B2D39-7409-D623-BD8B-1D3239BC164C} = {DC327345-4BE4-C49B-7EA2-367E2C408135}
		{1E6DE165-48D0-C91E-6255-E233046695D4} = {C60B2D39-7409-D623-BD8B-1D3239BC164C}
		{7EEB40CB-2BB3-0ECA-3348-B9548D763193} = {DC327345-4BE4-C49B-7EA2-367E2C408135}
		{69331003-3511-67A1-6D7B-2809FA9C287B} = {7EEB40CB-2BB3-0ECA-3348-B9548D763193}
		{2108CE06-4EA0-C921-3784-217028A59AF4} = {5D20AA90-6969-D8BD-9DCD-8634F4692FDA}
		{6788405D-8F2B-E609-6FC1-49E6D844B963} = {5D20AA90-6969-D8BD-9DCD-8634F4692FDA}
		{2602CEF7-7779-7F6D-F892-A632E975D8B4} = {5D20AA90-6969-D8BD-9DCD-8634F4692FDA}
		{D4D37678-7F3C-A34F-30CD-A3D74E6A2E60} = {5D20AA90-6969-D8BD-9DCD-8634F4692FDA}
		{4E466D88-4000-1E42-204B-1CC171523B49} = {D4D37678-7F3C-A34F-30CD-A3D74E6A2E60}
		{5A9120F1-899A-4B07-AB37-1FC3DF765B80} = {41115099-0594-A082-DCD0-B0AB95F68E5A}
		{18398C3B-6BE2-1D10-F7EA-43750FDBBFC1} = {5A9120F1-899A-4B07-AB37-1FC3DF765B80}
		{20A5D62F-83E0-B0EB-913C-05680F233C64} = {41115099-0594-A082-DCD0-B0AB95F68E5A}
		{043EDAD8-2140-7F75-6DEA-BD2321F7EF78} = {20A5D62F-83E0-B0EB-913C-05680F233C64}
		{4933C6B8-4199-9DAC-E47D-B6441C9DA4DA} = {0D9F6678-A001-FC4E-FBF2-B00713E704D4}
		{96D4B63B-7E2C-548C-0BA8-68510D718FCB} = {4933C6B8-4199-9DAC-E47D-B6441C9DA4DA}
		{387B300E-01AD-2E51-FAE1-1AFD2F9AF07D} = {96D4B63B-7E2C-548C-0BA8-68510D718FCB}
		{2AA4925B-62F8-CA68-A8C8-2410F46463DE} = {F61C95A6-7CF8-0562-C702-AFA57ED09447}
		{13FCB8DB-B3E3-1AAC-8DE7-D5A9025635D2} = {2AA4925B-62F8-CA68-A8C8-2410F46463DE}
		{33109147-95E9-B6EB-8F1E-8A9B80C4898E} = {13FCB8DB-B3E3-1AAC-8DE7-D5A9025635D2}
		{2F858C4F-4587-7173-31A8-041C9EF7F52A} = {305C4D7F-5C25-4B8E-3EF7-51398C84BD23}
		{2BA50531-DD1C-F2BE-B2F3-5A6F469621FF} = {2F858C4F-4587-7173-31A8-041C9EF7F52A}
		{A8A73604-6B17-E81B-5047-D868A8FB5747} = {A291BC6B-F196-4481-3E07-493FE32146DE}
		{21B8AE39-79BF-DE55-BFE4-7B1C251C7A16} = {A8A73604-6B17-E81B-5047-D868A8FB5747}
		{2F854B66-061F-EE90-090C-BA474772F949} = {2D0E476F-640F-6A63-EF9A-989B64C96B2F}
		{D3BFD9D4-0216-E1B7-EB3B-22ACAB521284} = {2F854B66-061F-EE90-090C-BA474772F949}
		{7B9F96AC-59E0-6B79-DBE6-6CBFAEB9D892} = {EF174D8A-9907-4288-0813-8AA28B2E815A}
		{5E049D18-F893-54A1-9F2F-945910FE559F} = {7B9F96AC-59E0-6B79-DBE6-6CBFAEB9D892}
		{FB3FB9FC-CCBB-C794-9E4E-B2B79F419AFB} = {5E049D18-F893-54A1-9F2F-945910FE559F}
		{7364F95B-0FB7-7669-F634-35F97A7D5D33} = {EF174D8A-9907-4288-0813-8AA28B2E815A}
		{F43045B9-5079-FB92-9A8D-A02B7F9AC00E} = {7364F95B-0FB7-7669-F634-35F97A7D5D33}
		{32B67606-B506-503F-3CD1-F47BD33699BC} = {F43045B9-5079-FB92-9A8D-A02B7F9AC00E}
		{9E94D367-6431-DF9E-5201-F7877F1192A9} = {7364F95B-0FB7-7669-F634-35F97A7D5D33}
		{96B97AD3-2324-E061-0B1C-8C346B55C822} = {9E94D367-6431-DF9E-5201-F7877F1192A9}
		{E17BE867-7C0E-9E34-008A-0B820450FBC8} = {EF174D8A-9907-4288-0813-8AA28B2E815A}
		{BB5FE34B-6311-4756-57F6-8621FF4D547C} = {E17BE867-7C0E-9E34-008A-0B820450FBC8}
		{AA219D74-77D5-2F7C-32AC-3A5A37472328} = {41115099-0594-A082-DCD0-B0AB95F68E5A}
		{33AC9276-FF35-671C-40B9-1A143E3A0D09} = {AA219D74-77D5-2F7C-32AC-3A5A37472328}
		{7EEE4284-3C3D-085C-3683-8174326FC44B} = {33AC9276-FF35-671C-40B9-1A143E3A0D09}
		{0BF3E749-7287-39D3-D568-C52546BC756F} = {7364F95B-0FB7-7669-F634-35F97A7D5D33}
		{5D177F98-32B1-9A5C-41FB-05800BEEF3FC} = {0BF3E749-7287-39D3-D568-C52546BC756F}
		{35CDE08C-9BA9-20AB-24C9-2A36BCCA5A3B} = {0BF3E749-7287-39D3-D568-C52546BC756F}
		{082EE441-2254-FBCF-0164-5425E95ABB06} = {0BF3E749-7287-39D3-D568-C52546BC756F}
	EndGlobalSection
	GlobalSection(ExtensibilityGlobals) = postSolution
		SolutionGuid = {D4B447C1-1B04-448B-993B-0268449EEF4A}
	EndGlobalSection
EndGlobal
